# This file is automatically @generated by Cargo.
# It is not intended for manual editing.
[[package]]
name = "autocfg"
version = "0.1.7"
source = "registry+https://github.com/rust-lang/crates.io-index"
checksum = "1d49d90015b3c36167a20fe2810c5cd875ad504b39cff3d4eae7977e6b7c1cb2"

[[package]]
name = "backtrace"
version = "0.3.18"
source = "registry+https://github.com/rust-lang/crates.io-index"
checksum = "f92d5d536fa03dc3d93711d97bac1fae2eb59aba467ca4c6600c0119da614f51"
dependencies = [
 "autocfg",
 "backtrace-sys",
 "cfg-if",
 "libc",
 "rustc-demangle",
]

[[package]]
name = "backtrace-sys"
version = "0.1.37"
source = "registry+https://github.com/rust-lang/crates.io-index"
checksum = "18fbebbe1c9d1f383a9cc7e8ccdb471b91c8d024ee9c2ca5b5346121fe8b4399"
dependencies = [
 "cc",
 "libc",
]

[[package]]
name = "cc"
version = "1.0.54"
source = "registry+https://github.com/rust-lang/crates.io-index"
checksum = "7bbb73db36c1246e9034e307d0fba23f9a2e251faa47ade70c1bd252220c8311"

[[package]]
name = "cfg-if"
version = "0.1.10"
source = "registry+https://github.com/rust-lang/crates.io-index"
checksum = "4785bdd1c96b2a846b2bd7cc02e86b6b3dbf14e7e53446c4f54c92a361040822"

[[package]]
name = "error-chain"
version = "0.12.0"
source = "registry+https://github.com/rust-lang/crates.io-index"
checksum = "07e791d3be96241c77c43846b665ef1384606da2cd2a48730abe606a12906e02"
dependencies = [
 "backtrace",
]

[[package]]
name = "failure"
version = "0.1.5"
source = "registry+https://github.com/rust-lang/crates.io-index"
checksum = "795bd83d3abeb9220f257e597aa0080a508b27533824adf336529648f6abf7e2"
dependencies = [
 "backtrace",
 "failure_derive",
]

[[package]]
name = "failure_derive"
version = "0.1.5"
source = "registry+https://github.com/rust-lang/crates.io-index"
checksum = "ea1063915fd7ef4309e222a5a07cf9c319fb9c7836b1f89b85458672dbb127e1"
dependencies = [
 "proc-macro2 0.4.30",
 "quote 0.6.13",
 "syn 0.15.44",
 "synstructure",
]

[[package]]
name = "itoa"
version = "0.4.5"
source = "registry+https://github.com/rust-lang/crates.io-index"
checksum = "b8b7a7c0c47db5545ed3fef7468ee7bb5b74691498139e4b3f6a20685dc6dd8e"

[[package]]
name = "libc"
version = "0.2.70"
source = "registry+https://github.com/rust-lang/crates.io-index"
checksum = "3baa92041a6fec78c687fa0cc2b3fae8884f743d672cf551bed1d6dac6988d0f"

[[package]]
name = "myproj"
version = "0.1.0"
dependencies = [
 "backtrace",
 "error-chain",
 "failure",
 "failure_derive",
 "quick-error",
 "serde",
 "serde_derive",
 "serde_json",
]

[[package]]
name = "proc-macro2"
version = "0.4.30"
source = "registry+https://github.com/rust-lang/crates.io-index"
checksum = "cf3d2011ab5c909338f7887f4fc896d35932e29146c12c8d01da6b22a80ba759"
dependencies = [
 "unicode-xid 0.1.0",
]

[[package]]
name = "proc-macro2"
version = "1.0.13"
source = "registry+https://github.com/rust-lang/crates.io-index"
checksum = "53f5ffe53a6b28e37c9c1ce74893477864d64f74778a93a4beb43c8fa167f639"
dependencies = [
 "unicode-xid 0.2.0",
]

[[package]]
name = "quick-error"
version = "1.2.2"
source = "registry+https://github.com/rust-lang/crates.io-index"
checksum = "9274b940887ce9addde99c4eee6b5c44cc494b182b97e73dc8ffdcb3397fd3f0"

[[package]]
name = "quote"
version = "0.6.13"
source = "registry+https://github.com/rust-lang/crates.io-index"
checksum = "6ce23b6b870e8f94f81fb0a363d65d86675884b34a09043c81e5562f11c1f8e1"
dependencies = [
 "proc-macro2 0.4.30",
]

[[package]]
name = "quote"
version = "1.0.5"
source = "registry+https://github.com/rust-lang/crates.io-index"
checksum = "42934bc9c8ab0d3b273a16d8551c8f0fcff46be73276ca083ec2414c15c4ba5e"
dependencies = [
 "proc-macro2 1.0.13",
]

[[package]]
name = "rustc-demangle"
version = "0.1.16"
source = "registry+https://github.com/rust-lang/crates.io-index"
checksum = "4c691c0e608126e00913e33f0ccf3727d5fc84573623b8d65b2df340b5201783"

[[package]]
name = "ryu"
version = "1.0.4"
source = "registry+https://github.com/rust-lang/crates.io-index"
checksum = "ed3d612bc64430efeb3f7ee6ef26d590dce0c43249217bddc62112540c7941e1"

[[package]]
name = "serde"
version = "1.0.110"
source = "registry+https://github.com/rust-lang/crates.io-index"
checksum = "99e7b308464d16b56eba9964e4972a3eee817760ab60d88c3f86e1fecb08204c"

[[package]]
name = "serde_derive"
version = "1.0.110"
source = "registry+https://github.com/rust-lang/crates.io-index"
checksum = "818fbf6bfa9a42d3bfcaca148547aa00c7b915bec71d1757aa2d44ca68771984"
dependencies = [
 "proc-macro2 1.0.13",
 "quote 1.0.5",
 "syn 1.0.22",
]

[[package]]
name = "serde_json"
version = "1.0.53"
source = "registry+https://github.com/rust-lang/crates.io-index"
checksum = "993948e75b189211a9b31a7528f950c6adc21f9720b6438ff80a7fa2f864cea2"
dependencies = [
 "itoa",
 "ryu",
 "serde",
]

[[package]]
name = "syn"
version = "0.15.44"
source = "registry+https://github.com/rust-lang/crates.io-index"
checksum = "9ca4b3b69a77cbe1ffc9e198781b7acb0c7365a883670e8f1c1bc66fba79a5c5"
dependencies = [
 "proc-macro2 0.4.30",
 "quote 0.6.13",
 "unicode-xid 0.1.0",
]

[[package]]
name = "syn"
version = "1.0.22"
source = "registry+https://github.com/rust-lang/crates.io-index"
checksum = "1425de3c33b0941002740a420b1a906a350b88d08b82b2c8a01035a3f9447bac"
dependencies = [
 "proc-macro2 1.0.13",
 "quote 1.0.5",
 "unicode-xid 0.2.0",
]

[[package]]
name = "synstructure"
version = "0.10.2"
source = "registry+https://github.com/rust-lang/crates.io-index"
checksum = "02353edf96d6e4dc81aea2d8490a7e9db177bf8acb0e951c24940bf866cb313f"
dependencies = [
 "proc-macro2 0.4.30",
 "quote 0.6.13",
 "syn 0.15.44",
 "unicode-xid 0.1.0",
]

[[package]]
name = "unicode-xid"
version = "0.1.0"
source = "registry+https://github.com/rust-lang/crates.io-index"
checksum = "fc72304796d0818e357ead4e000d19c9c174ab23dc11093ac919054d20a6a7fc"

[[package]]
name = "unicode-xid"
version = "0.2.0"
source = "registry+https://github.com/rust-lang/crates.io-index"
checksum = "826e7639553986605ec5979c7dd957c7895e93eabed50ab2ffa7f6128a75097c"
